
Microsoft Visual Studio Solution File, Format Version 12.00
# Visual Studio Version 17
VisualStudioVersion = 17.3.32929.385
MinimumVisualStudioVersion = 10.0.40219.1
Project("{FAE04EC0-301F-11D3-BF4B-00C04F79EFBC}") = "RainbowPlant", "RainbowPlant.csproj", "{9E07CB8D-473E-495B-9823-1E15E400BC63}"
EndProject
Global
	GlobalSection(SolutionConfigurationPlatforms) = preSolution
		Debug|Any CPU = Debug|Any CPU
		Release|Any CPU = Release|Any CPU
	EndGlobalSection
	GlobalSection(ProjectConfigurationPlatforms) = postSolution
		{9E07CB8D-473E-495B-9823-1E15E400BC63}.Debug|Any CPU.ActiveCfg = Debug|Any CPU
		{9E07CB8D-473E-495B-9823-1E15E400BC63}.Debug|Any CPU.Build.0 = Debug|Any CPU
		{9E07CB8D-473E-495B-9823-1E15E400BC63}.Release|Any CPU.ActiveCfg = Release|Any CPU
		{9E07CB8D-473E-495B-9823-1E15E400BC63}.Release|Any CPU.Build.0 = Release|Any CPU
	EndGlobalSection
	GlobalSection(SolutionProperties) = preSolution
		HideSolutionNode = FALSE
	EndGlobalSection
	GlobalSection(ExtensibilityGlobals) = postSolution
		SolutionGuid = {74DEBC93-E9C7-42BF-A8E0-A17233EC04FC}
	EndGlobalSection
EndGlobal
